
Microsoft Visual Studio Solution File, Format Version 12.00
# Visual Studio 15
VisualStudioVersion = 15.0.27703.2042
MinimumVisualStudioVersion = 10.0.40219.1
Project("{9A19103F-16F7-4668-BE54-9A1E7A4F7556}") = "AdventOfCode2017", "AdventOfCode2017\AdventOfCode2017.csproj", "{F89EF1D2-0E12-40AC-9F9A-92CD33ED1E20}"
EndProject
Project("{9A19103F-16F7-4668-BE54-9A1E7A4F7556}") = "UnitTests", "UnitTests\UnitTests.csproj", "{5FEC1E8D-7FB9-4E80-8C82-AE4C43769708}"
EndProject
Global
	GlobalSection(SolutionConfigurationPlatforms) = preSolution
		Debug|Any CPU = Debug|Any CPU
		Release|Any CPU = Release|Any CPU
	EndGlobalSection
	GlobalSection(ProjectConfigurationPlatforms) = postSolution
		{F89EF1D2-0E12-40AC-9F9A-92CD33ED1E20}.Debug|Any CPU.ActiveCfg = Debug|Any CPU
		{F89EF1D2-0E12-40AC-9F9A-92CD33ED1E20}.Debug|Any CPU.Build.0 = Debug|Any CPU
		{F89EF1D2-0E12-40AC-9F9A-92CD33ED1E20}.Release|Any CPU.ActiveCfg = Release|Any CPU
		{F89EF1D2-0E12-40AC-9F9A-92CD33ED1E20}.Release|Any CPU.Build.0 = Release|Any CPU
		{5FEC1E8D-7FB9-4E80-8C82-AE4C43769708}.Debug|Any CPU.ActiveCfg = Debug|Any CPU
		{5FEC1E8D-7FB9-4E80-8C82-AE4C43769708}.Debug|Any CPU.Build.0 = Debug|Any CPU
		{5FEC1E8D-7FB9-4E80-8C82-AE4C43769708}.Release|Any CPU.ActiveCfg = Release|Any CPU
		{5FEC1E8D-7FB9-4E80-8C82-AE4C43769708}.Release|Any CPU.Build.0 = Release|Any CPU
	EndGlobalSection
	GlobalSection(SolutionProperties) = preSolution
		HideSolutionNode = FALSE
	EndGlobalSection
	GlobalSection(ExtensibilityGlobals) = postSolution
		SolutionGuid = {90E5654B-2960-4943-98A2-ABA25038C036}
	EndGlobalSection
EndGlobal
