
Microsoft Visual Studio Solution File, Format Version 12.00
# Visual Studio 15
VisualStudioVersion = 15.0.27703.2042
MinimumVisualStudioVersion = 10.0.40219.1
Project("{FAE04EC0-301F-11D3-BF4B-00C04F79EFBC}") = "AdventOfCode2017", "AdventOfCode2017\AdventOfCode2017.csproj", "{F89EF1D2-0E12-40AC-9F9A-92CD33ED1E20}"
EndProject
Global
	GlobalSection(SolutionConfigurationPlatforms) = preSolution
		Debug|Any CPU = Debug|Any CPU
		Release|Any CPU = Release|Any CPU
	EndGlobalSection
	GlobalSection(ProjectConfigurationPlatforms) = postSolution
		{F89EF1D2-0E12-40AC-9F9A-92CD33ED1E20}.Debug|Any CPU.ActiveCfg = Debug|Any CPU
		{F89EF1D2-0E12-40AC-9F9A-92CD33ED1E20}.Debug|Any CPU.Build.0 = Debug|Any CPU
		{F89EF1D2-0E12-40AC-9F9A-92CD33ED1E20}.Release|Any CPU.ActiveCfg = Release|Any CPU
		{F89EF1D2-0E12-40AC-9F9A-92CD33ED1E20}.Release|Any CPU.Build.0 = Release|Any CPU
	EndGlobalSection
	GlobalSection(SolutionProperties) = preSolution
		HideSolutionNode = FALSE
	EndGlobalSection
	GlobalSection(ExtensibilityGlobals) = postSolution
		SolutionGuid = {90E5654B-2960-4943-98A2-ABA25038C036}
	EndGlobalSection
EndGlobal
